// !$*UTF8*$!
{
	archiveVersion = 1;
	classes = {
	};
	objectVersion = 56;
	objects = {

/* Begin PBXBuildFile section */
		255AE0792A03E7E2008A6E6D /* EnkaNetworkKitExpampleApp.swift in Sources */ = {isa = PBXBuildFile; fileRef = 255AE0782A03E7E2008A6E6D /* EnkaNetworkKitExpampleApp.swift */; };
		255AE07D2A03E7E3008A6E6D /* Assets.xcassets in Resources */ = {isa = PBXBuildFile; fileRef = 255AE07C2A03E7E3008A6E6D /* Assets.xcassets */; };
		255AE0812A03E7E3008A6E6D /* Preview Assets.xcassets in Resources */ = {isa = PBXBuildFile; fileRef = 255AE0802A03E7E3008A6E6D /* Preview Assets.xcassets */; };
		255AE08C2A03E93B008A6E6D /* PlayerInfoView.swift in Sources */ = {isa = PBXBuildFile; fileRef = 255AE08B2A03E93B008A6E6D /* PlayerInfoView.swift */; };
		255AE08F2A03EB93008A6E6D /* EnkaNetworkKit in Frameworks */ = {isa = PBXBuildFile; productRef = 255AE08E2A03EB93008A6E6D /* EnkaNetworkKit */; };
/* End PBXBuildFile section */

/* Begin PBXFileReference section */
		255AE0752A03E7E2008A6E6D /* EnkaNetworkKitExpample.app */ = {isa = PBXFileReference; explicitFileType = wrapper.application; includeInIndex = 0; path = EnkaNetworkKitExpample.app; sourceTree = BUILT_PRODUCTS_DIR; };
		255AE0782A03E7E2008A6E6D /* EnkaNetworkKitExpampleApp.swift */ = {isa = PBXFileReference; lastKnownFileType = sourcecode.swift; path = EnkaNetworkKitExpampleApp.swift; sourceTree = "<group>"; };
		255AE07C2A03E7E3008A6E6D /* Assets.xcassets */ = {isa = PBXFileReference; lastKnownFileType = folder.assetcatalog; path = Assets.xcassets; sourceTree = "<group>"; };
		255AE07E2A03E7E3008A6E6D /* EnkaNetworkKitExpample.entitlements */ = {isa = PBXFileReference; lastKnownFileType = text.plist.entitlements; path = EnkaNetworkKitExpample.entitlements; sourceTree = "<group>"; };
		255AE0802A03E7E3008A6E6D /* Preview Assets.xcassets */ = {isa = PBXFileReference; lastKnownFileType = folder.assetcatalog; path = "Preview Assets.xcassets"; sourceTree = "<group>"; };
		255AE0882A03E7F3008A6E6D /* EnkaNetworkKit */ = {isa = PBXFileReference; lastKnownFileType = wrapper; name = EnkaNetworkKit; path = ../..; sourceTree = "<group>"; };
		255AE08B2A03E93B008A6E6D /* PlayerInfoView.swift */ = {isa = PBXFileReference; lastKnownFileType = sourcecode.swift; path = PlayerInfoView.swift; sourceTree = "<group>"; };
/* End PBXFileReference section */

/* Begin PBXFrameworksBuildPhase section */
		255AE0722A03E7E2008A6E6D /* Frameworks */ = {
			isa = PBXFrameworksBuildPhase;
			buildActionMask = 2147483647;
			files = (
				255AE08F2A03EB93008A6E6D /* EnkaNetworkKit in Frameworks */,
			);
			runOnlyForDeploymentPostprocessing = 0;
		};
/* End PBXFrameworksBuildPhase section */

/* Begin PBXGroup section */
		255AE06C2A03E7E2008A6E6D = {
			isa = PBXGroup;
			children = (
				255AE0872A03E7F3008A6E6D /* Packages */,
				255AE0772A03E7E2008A6E6D /* EnkaNetworkKitExpample */,
				255AE0762A03E7E2008A6E6D /* Products */,
				255AE08D2A03EB93008A6E6D /* Frameworks */,
			);
			sourceTree = "<group>";
		};
		255AE0762A03E7E2008A6E6D /* Products */ = {
			isa = PBXGroup;
			children = (
				255AE0752A03E7E2008A6E6D /* EnkaNetworkKitExpample.app */,
			);
			name = Products;
			sourceTree = "<group>";
		};
		255AE0772A03E7E2008A6E6D /* EnkaNetworkKitExpample */ = {
			isa = PBXGroup;
			children = (
				255AE0782A03E7E2008A6E6D /* EnkaNetworkKitExpampleApp.swift */,
				255AE08B2A03E93B008A6E6D /* PlayerInfoView.swift */,
				255AE07C2A03E7E3008A6E6D /* Assets.xcassets */,
				255AE07E2A03E7E3008A6E6D /* EnkaNetworkKitExpample.entitlements */,
				255AE07F2A03E7E3008A6E6D /* Preview Content */,
			);
			path = EnkaNetworkKitExpample;
			sourceTree = "<group>";
		};
		255AE07F2A03E7E3008A6E6D /* Preview Content */ = {
			isa = PBXGroup;
			children = (
				255AE0802A03E7E3008A6E6D /* Preview Assets.xcassets */,
			);
			path = "Preview Content";
			sourceTree = "<group>";
		};
		255AE0872A03E7F3008A6E6D /* Packages */ = {
			isa = PBXGroup;
			children = (
				255AE0882A03E7F3008A6E6D /* EnkaNetworkKit */,
			);
			name = Packages;
			sourceTree = "<group>";
		};
		255AE08D2A03EB93008A6E6D /* Frameworks */ = {
			isa = PBXGroup;
			children = (
			);
			name = Frameworks;
			sourceTree = "<group>";
		};
/* End PBXGroup section */

/* Begin PBXNativeTarget section */
		255AE0742A03E7E2008A6E6D /* EnkaNetworkKitExpample */ = {
			isa = PBXNativeTarget;
			buildConfigurationList = 255AE0842A03E7E3008A6E6D /* Build configuration list for PBXNativeTarget "EnkaNetworkKitExpample" */;
			buildPhases = (
				255AE0712A03E7E2008A6E6D /* Sources */,
				255AE0722A03E7E2008A6E6D /* Frameworks */,
				255AE0732A03E7E2008A6E6D /* Resources */,
			);
			buildRules = (
			);
			dependencies = (
			);
			name = EnkaNetworkKitExpample;
			packageProductDependencies = (
				255AE08E2A03EB93008A6E6D /* EnkaNetworkKit */,
			);
			productName = EnkaNetworkKitExpample;
			productReference = 255AE0752A03E7E2008A6E6D /* EnkaNetworkKitExpample.app */;
			productType = "com.apple.product-type.application";
		};
/* End PBXNativeTarget section */

/* Begin PBXProject section */
		255AE06D2A03E7E2008A6E6D /* Project object */ = {
			isa = PBXProject;
			attributes = {
				BuildIndependentTargetsInParallel = 1;
				LastSwiftUpdateCheck = 1430;
				LastUpgradeCheck = 1430;
				TargetAttributes = {
					255AE0742A03E7E2008A6E6D = {
						CreatedOnToolsVersion = 14.3;
					};
				};
			};
			buildConfigurationList = 255AE0702A03E7E2008A6E6D /* Build configuration list for PBXProject "EnkaNetworkKitExpample" */;
			compatibilityVersion = "Xcode 14.0";
			developmentRegion = en;
			hasScannedForEncodings = 0;
			knownRegions = (
				en,
				Base,
			);
			mainGroup = 255AE06C2A03E7E2008A6E6D;
			productRefGroup = 255AE0762A03E7E2008A6E6D /* Products */;
			projectDirPath = "";
			projectRoot = "";
			targets = (
				255AE0742A03E7E2008A6E6D /* EnkaNetworkKitExpample */,
			);
		};
/* End PBXProject section */

/* Begin PBXResourcesBuildPhase section */
		255AE0732A03E7E2008A6E6D /* Resources */ = {
			isa = PBXResourcesBuildPhase;
			buildActionMask = 2147483647;
			files = (
				255AE0812A03E7E3008A6E6D /* Preview Assets.xcassets in Resources */,
				255AE07D2A03E7E3008A6E6D /* Assets.xcassets in Resources */,
			);
			runOnlyForDeploymentPostprocessing = 0;
		};
/* End PBXResourcesBuildPhase section */

/* Begin PBXSourcesBuildPhase section */
		255AE0712A03E7E2008A6E6D /* Sources */ = {
			isa = PBXSourcesBuildPhase;
			buildActionMask = 2147483647;
			files = (
				255AE08C2A03E93B008A6E6D /* PlayerInfoView.swift in Sources */,
				255AE0792A03E7E2008A6E6D /* EnkaNetworkKitExpampleApp.swift in Sources */,
			);
			runOnlyForDeploymentPostprocessing = 0;
		};
/* End PBXSourcesBuildPhase section */

/* Begin XCBuildConfiguration section */
		255AE0822A03E7E3008A6E6D /* Debug */ = {
			isa = XCBuildConfiguration;
			buildSettings = {
				ALWAYS_SEARCH_USER_PATHS = NO;
				CLANG_ANALYZER_NONNULL = YES;
				CLANG_ANALYZER_NUMBER_OBJECT_CONVERSION = YES_AGGRESSIVE;
				CLANG_CXX_LANGUAGE_STANDARD = "gnu++20";
				CLANG_ENABLE_MODULES = YES;
				CLANG_ENABLE_OBJC_ARC = YES;
				CLANG_ENABLE_OBJC_WEAK = YES;
				CLANG_WARN_BLOCK_CAPTURE_AUTORELEASING = YES;
				CLANG_WARN_BOOL_CONVERSION = YES;
				CLANG_WARN_COMMA = YES;
				CLANG_WARN_CONSTANT_CONVERSION = YES;
				CLANG_WARN_DEPRECATED_OBJC_IMPLEMENTATIONS = YES;
				CLANG_WARN_DIRECT_OBJC_ISA_USAGE = YES_ERROR;
				CLANG_WARN_DOCUMENTATION_COMMENTS = YES;
				CLANG_WARN_EMPTY_BODY = YES;
				CLANG_WARN_ENUM_CONVERSION = YES;
				CLANG_WARN_INFINITE_RECURSION = YES;
				CLANG_WARN_INT_CONVERSION = YES;
				CLANG_WARN_NON_LITERAL_NULL_CONVERSION = YES;
				CLANG_WARN_OBJC_IMPLICIT_RETAIN_SELF = YES;
				CLANG_WARN_OBJC_LITERAL_CONVERSION = YES;
				CLANG_WARN_OBJC_ROOT_CLASS = YES_ERROR;
				CLANG_WARN_QUOTED_INCLUDE_IN_FRAMEWORK_HEADER = YES;
				CLANG_WARN_RANGE_LOOP_ANALYSIS = YES;
				CLANG_WARN_STRICT_PROTOTYPES = YES;
				CLANG_WARN_SUSPICIOUS_MOVE = YES;
				CLANG_WARN_UNGUARDED_AVAILABILITY = YES_AGGRESSIVE;
				CLANG_WARN_UNREACHABLE_CODE = YES;
				CLANG_WARN__DUPLICATE_METHOD_MATCH = YES;
				COPY_PHASE_STRIP = NO;
				DEBUG_INFORMATION_FORMAT = dwarf;
				ENABLE_STRICT_OBJC_MSGSEND = YES;
				ENABLE_TESTABILITY = YES;
				GCC_C_LANGUAGE_STANDARD = gnu11;
				GCC_DYNAMIC_NO_PIC = NO;
				GCC_NO_COMMON_BLOCKS = YES;
				GCC_OPTIMIZATION_LEVEL = 0;
				GCC_PREPROCESSOR_DEFINITIONS = (
					"DEBUG=1",
					"$(inherited)",
				);
				GCC_WARN_64_TO_32_BIT_CONVERSION = YES;
				GCC_WARN_ABOUT_RETURN_TYPE = YES_ERROR;
				GCC_WARN_UNDECLARED_SELECTOR = YES;
				GCC_WARN_UNINITIALIZED_AUTOS = YES_AGGRESSIVE;
				GCC_WARN_UNUSED_FUNCTION = YES;
				GCC_WARN_UNUSED_VARIABLE = YES;
				MTL_ENABLE_DEBUG_INFO = INCLUDE_SOURCE;
				MTL_FAST_MATH = YES;
				ONLY_ACTIVE_ARCH = YES;
				SWIFT_ACTIVE_COMPILATION_CONDITIONS = DEBUG;
				SWIFT_OPTIMIZATION_LEVEL = "-Onone";
			};
			name = Debug;
		};
		255AE0832A03E7E3008A6E6D /* Release */ = {
			isa = XCBuildConfiguration;
			buildSettings = {
				ALWAYS_SEARCH_USER_PATHS = NO;
				CLANG_ANALYZER_NONNULL = YES;
				CLANG_ANALYZER_NUMBER_OBJECT_CONVERSION = YES_AGGRESSIVE;
				CLANG_CXX_LANGUAGE_STANDARD = "gnu++20";
				CLANG_ENABLE_MODULES = YES;
				CLANG_ENABLE_OBJC_ARC = YES;
				CLANG_ENABLE_OBJC_WEAK = YES;
				CLANG_WARN_BLOCK_CAPTURE_AUTORELEASING = YES;
				CLANG_WARN_BOOL_CONVERSION = YES;
				CLANG_WARN_COMMA = YES;
				CLANG_WARN_CONSTANT_CONVERSION = YES;
				CLANG_WARN_DEPRECATED_OBJC_IMPLEMENTATIONS = YES;
				CLANG_WARN_DIRECT_OBJC_ISA_USAGE = YES_ERROR;
				CLANG_WARN_DOCUMENTATION_COMMENTS = YES;
				CLANG_WARN_EMPTY_BODY = YES;
				CLANG_WARN_ENUM_CONVERSION = YES;
				CLANG_WARN_INFINITE_RECURSION = YES;
				CLANG_WARN_INT_CONVERSION = YES;
				CLANG_WARN_NON_LITERAL_NULL_CONVERSION = YES;
				CLANG_WARN_OBJC_IMPLICIT_RETAIN_SELF = YES;
				CLANG_WARN_OBJC_LITERAL_CONVERSION = YES;
				CLANG_WARN_OBJC_ROOT_CLASS = YES_ERROR;
				CLANG_WARN_QUOTED_INCLUDE_IN_FRAMEWORK_HEADER = YES;
				CLANG_WARN_RANGE_LOOP_ANALYSIS = YES;
				CLANG_WARN_STRICT_PROTOTYPES = YES;
				CLANG_WARN_SUSPICIOUS_MOVE = YES;
				CLANG_WARN_UNGUARDED_AVAILABILITY = YES_AGGRESSIVE;
				CLANG_WARN_UNREACHABLE_CODE = YES;
				CLANG_WARN__DUPLICATE_METHOD_MATCH = YES;
				COPY_PHASE_STRIP = NO;
				DEBUG_INFORMATION_FORMAT = "dwarf-with-dsym";
				ENABLE_NS_ASSERTIONS = NO;
				ENABLE_STRICT_OBJC_MSGSEND = YES;
				GCC_C_LANGUAGE_STANDARD = gnu11;
				GCC_NO_COMMON_BLOCKS = YES;
				GCC_WARN_64_TO_32_BIT_CONVERSION = YES;
				GCC_WARN_ABOUT_RETURN_TYPE = YES_ERROR;
				GCC_WARN_UNDECLARED_SELECTOR = YES;
				GCC_WARN_UNINITIALIZED_AUTOS = YES_AGGRESSIVE;
				GCC_WARN_UNUSED_FUNCTION = YES;
				GCC_WARN_UNUSED_VARIABLE = YES;
				MTL_ENABLE_DEBUG_INFO = NO;
				MTL_FAST_MATH = YES;
				SWIFT_COMPILATION_MODE = wholemodule;
				SWIFT_OPTIMIZATION_LEVEL = "-O";
			};
			name = Release;
		};
		255AE0852A03E7E3008A6E6D /* Debug */ = {
			isa = XCBuildConfiguration;
			buildSettings = {
				ASSETCATALOG_COMPILER_APPICON_NAME = AppIcon;
				ASSETCATALOG_COMPILER_GLOBAL_ACCENT_COLOR_NAME = AccentColor;
				CODE_SIGN_ENTITLEMENTS = EnkaNetworkKitExpample/EnkaNetworkKitExpample.entitlements;
				CODE_SIGN_STYLE = Automatic;
				CURRENT_PROJECT_VERSION = 1;
				DEVELOPMENT_ASSET_PATHS = "\"EnkaNetworkKitExpample/Preview Content\"";
				DEVELOPMENT_TEAM = KYASY7DN65;
				ENABLE_HARDENED_RUNTIME = YES;
				ENABLE_PREVIEWS = YES;
				GENERATE_INFOPLIST_FILE = YES;
				"INFOPLIST_KEY_UIApplicationSceneManifest_Generation[sdk=iphoneos*]" = YES;
				"INFOPLIST_KEY_UIApplicationSceneManifest_Generation[sdk=iphonesimulator*]" = YES;
				"INFOPLIST_KEY_UIApplicationSupportsIndirectInputEvents[sdk=iphoneos*]" = YES;
				"INFOPLIST_KEY_UIApplicationSupportsIndirectInputEvents[sdk=iphonesimulator*]" = YES;
				"INFOPLIST_KEY_UILaunchScreen_Generation[sdk=iphoneos*]" = YES;
				"INFOPLIST_KEY_UILaunchScreen_Generation[sdk=iphonesimulator*]" = YES;
				"INFOPLIST_KEY_UIStatusBarStyle[sdk=iphoneos*]" = UIStatusBarStyleDefault;
				"INFOPLIST_KEY_UIStatusBarStyle[sdk=iphonesimulator*]" = UIStatusBarStyleDefault;
				INFOPLIST_KEY_UISupportedInterfaceOrientations_iPad = "UIInterfaceOrientationPortrait UIInterfaceOrientationPortraitUpsideDown UIInterfaceOrientationLandscapeLeft UIInterfaceOrientationLandscapeRight";
				INFOPLIST_KEY_UISupportedInterfaceOrientations_iPhone = "UIInterfaceOrientationPortrait UIInterfaceOrientationLandscapeLeft UIInterfaceOrientationLandscapeRight";
				IPHONEOS_DEPLOYMENT_TARGET = 16.0;
				LD_RUNPATH_SEARCH_PATHS = "@executable_path/Frameworks";
				"LD_RUNPATH_SEARCH_PATHS[sdk=macosx*]" = "@executable_path/../Frameworks";
				MACOSX_DEPLOYMENT_TARGET = 13.0;
				MARKETING_VERSION = 1.0;
				PRODUCT_BUNDLE_IDENTIFIER = network.enka.EnkaNetworkKitExpample;
				PRODUCT_NAME = "$(TARGET_NAME)";
				SDKROOT = auto;
				SUPPORTED_PLATFORMS = "iphoneos iphonesimulator macosx";
				SWIFT_EMIT_LOC_STRINGS = YES;
				SWIFT_VERSION = 5.0;
				TARGETED_DEVICE_FAMILY = "1,2";
			};
			name = Debug;
		};
		255AE0862A03E7E3008A6E6D /* Release */ = {
			isa = XCBuildConfiguration;
			buildSettings = {
				ASSETCATALOG_COMPILER_APPICON_NAME = AppIcon;
				ASSETCATALOG_COMPILER_GLOBAL_ACCENT_COLOR_NAME = AccentColor;
				CODE_SIGN_ENTITLEMENTS = EnkaNetworkKitExpample/EnkaNetworkKitExpample.entitlements;
				CODE_SIGN_STYLE = Automatic;
				CURRENT_PROJECT_VERSION = 1;
				DEVELOPMENT_ASSET_PATHS = "\"EnkaNetworkKitExpample/Preview Content\"";
				DEVELOPMENT_TEAM = KYASY7DN65;
				ENABLE_HARDENED_RUNTIME = YES;
				ENABLE_PREVIEWS = YES;
				GENERATE_INFOPLIST_FILE = YES;
				"INFOPLIST_KEY_UIApplicationSceneManifest_Generation[sdk=iphoneos*]" = YES;
				"INFOPLIST_KEY_UIApplicationSceneManifest_Generation[sdk=iphonesimulator*]" = YES;
				"INFOPLIST_KEY_UIApplicationSupportsIndirectInputEvents[sdk=iphoneos*]" = YES;
				"INFOPLIST_KEY_UIApplicationSupportsIndirectInputEvents[sdk=iphonesimulator*]" = YES;
				"INFOPLIST_KEY_UILaunchScreen_Generation[sdk=iphoneos*]" = YES;
				"INFOPLIST_KEY_UILaunchScreen_Generation[sdk=iphonesimulator*]" = YES;
				"INFOPLIST_KEY_UIStatusBarStyle[sdk=iphoneos*]" = UIStatusBarStyleDefault;
				"INFOPLIST_KEY_UIStatusBarStyle[sdk=iphonesimulator*]" = UIStatusBarStyleDefault;
				INFOPLIST_KEY_UISupportedInterfaceOrientations_iPad = "UIInterfaceOrientationPortrait UIInterfaceOrientationPortraitUpsideDown UIInterfaceOrientationLandscapeLeft UIInterfaceOrientationLandscapeRight";
				INFOPLIST_KEY_UISupportedInterfaceOrientations_iPhone = "UIInterfaceOrientationPortrait UIInterfaceOrientationLandscapeLeft UIInterfaceOrientationLandscapeRight";
				IPHONEOS_DEPLOYMENT_TARGET = 16.0;
				LD_RUNPATH_SEARCH_PATHS = "@executable_path/Frameworks";
				"LD_RUNPATH_SEARCH_PATHS[sdk=macosx*]" = "@executable_path/../Frameworks";
				MACOSX_DEPLOYMENT_TARGET = 13.0;
				MARKETING_VERSION = 1.0;
				PRODUCT_BUNDLE_IDENTIFIER = network.enka.EnkaNetworkKitExpample;
				PRODUCT_NAME = "$(TARGET_NAME)";
				SDKROOT = auto;
				SUPPORTED_PLATFORMS = "iphoneos iphonesimulator macosx";
				SWIFT_EMIT_LOC_STRINGS = YES;
				SWIFT_VERSION = 5.0;
				TARGETED_DEVICE_FAMILY = "1,2";
			};
			name = Release;
		};
/* End XCBuildConfiguration section */

/* Begin XCConfigurationList section */
		255AE0702A03E7E2008A6E6D /* Build configuration list for PBXProject "EnkaNetworkKitExpample" */ = {
			isa = XCConfigurationList;
			buildConfigurations = (
				255AE0822A03E7E3008A6E6D /* Debug */,
				255AE0832A03E7E3008A6E6D /* Release */,
			);
			defaultConfigurationIsVisible = 0;
			defaultConfigurationName = Release;
		};
		255AE0842A03E7E3008A6E6D /* Build configuration list for PBXNativeTarget "EnkaNetworkKitExpample" */ = {
			isa = XCConfigurationList;
			buildConfigurations = (
				255AE0852A03E7E3008A6E6D /* Debug */,
				255AE0862A03E7E3008A6E6D /* Release */,
			);
			defaultConfigurationIsVisible = 0;
			defaultConfigurationName = Release;
		};
/* End XCConfigurationList section */

/* Begin XCSwiftPackageProductDependency section */
		255AE08E2A03EB93008A6E6D /* EnkaNetworkKit */ = {
			isa = XCSwiftPackageProductDependency;
			productName = EnkaNetworkKit;
		};
/* End XCSwiftPackageProductDependency section */
	};
	rootObject = 255AE06D2A03E7E2008A6E6D /* Project object */;
}
